// !$*UTF8*$!
{
	archiveVersion = 1;
	classes = {
	};
	objectVersion = 56;
	objects = {

/* Begin PBXBuildFile section */
		160EE4152ACEED4B005DB61C /* NotificationHandler.swift in Sources */ = {isa = PBXBuildFile; fileRef = 160EE4142ACEED4B005DB61C /* NotificationHandler.swift */; };
		1651AB842AC1B1E80074E940 /* AddSubscriptionSegmentedControl.swift in Sources */ = {isa = PBXBuildFile; fileRef = 1651AB832AC1B1E80074E940 /* AddSubscriptionSegmentedControl.swift */; };
		1651AB882AC1B6DB0074E940 /* Templates.swift in Sources */ = {isa = PBXBuildFile; fileRef = 1651AB872AC1B6DB0074E940 /* Templates.swift */; };
		1651AB8A2AC1B6F30074E940 /* TemplatesViewModel.swift in Sources */ = {isa = PBXBuildFile; fileRef = 1651AB892AC1B6F30074E940 /* TemplatesViewModel.swift */; };
		1651AB8C2AC1BB4C0074E940 /* PopularTemplates.swift in Sources */ = {isa = PBXBuildFile; fileRef = 1651AB8B2AC1BB4C0074E940 /* PopularTemplates.swift */; };
		1651AB8E2AC1BB570074E940 /* AllTemplates.swift in Sources */ = {isa = PBXBuildFile; fileRef = 1651AB8D2AC1BB570074E940 /* AllTemplates.swift */; };
		1651AB902AC1BD170074E940 /* RealmManager.swift in Sources */ = {isa = PBXBuildFile; fileRef = 1651AB8F2AC1BD170074E940 /* RealmManager.swift */; };
		1651AB932AC1BD490074E940 /* Realm in Frameworks */ = {isa = PBXBuildFile; productRef = 1651AB922AC1BD490074E940 /* Realm */; };
		1651AB952AC1BD490074E940 /* RealmSwift in Frameworks */ = {isa = PBXBuildFile; productRef = 1651AB942AC1BD490074E940 /* RealmSwift */; };
		1651AB972AC1BDB90074E940 /* Subscription.swift in Sources */ = {isa = PBXBuildFile; fileRef = 1651AB962AC1BDB90074E940 /* Subscription.swift */; };
		1651AB9A2AC1BDE40074E940 /* Color + Ext.swift in Sources */ = {isa = PBXBuildFile; fileRef = 1651AB992AC1BDE40074E940 /* Color + Ext.swift */; };
		1651AB9D2AC1C3E40074E940 /* NewSubscription.swift in Sources */ = {isa = PBXBuildFile; fileRef = 1651AB9C2AC1C3E40074E940 /* NewSubscription.swift */; };
		1651AB9F2AC1D4CB0074E940 /* CyclePicker.swift in Sources */ = {isa = PBXBuildFile; fileRef = 1651AB9E2AC1D4CB0074E940 /* CyclePicker.swift */; };
		1651ABA12AC1D4DB0074E940 /* DurationPicker.swift in Sources */ = {isa = PBXBuildFile; fileRef = 1651ABA02AC1D4DB0074E940 /* DurationPicker.swift */; };
		1651ABA32AC1D4E70074E940 /* RemindMePicker.swift in Sources */ = {isa = PBXBuildFile; fileRef = 1651ABA22AC1D4E70074E940 /* RemindMePicker.swift */; };
		1651ABA72AC1D5360074E940 /* Subscriptions.swift in Sources */ = {isa = PBXBuildFile; fileRef = 1651ABA62AC1D5360074E940 /* Subscriptions.swift */; };
		1651ABA92AC1D57B0074E940 /* PickersViewModel.swift in Sources */ = {isa = PBXBuildFile; fileRef = 1651ABA82AC1D57B0074E940 /* PickersViewModel.swift */; };
		16A2FB452ABDB3B000C24B11 /* BobbyFinalApp.swift in Sources */ = {isa = PBXBuildFile; fileRef = 16A2FB442ABDB3B000C24B11 /* BobbyFinalApp.swift */; };
		16A2FB472ABDB3B000C24B11 /* ContentView.swift in Sources */ = {isa = PBXBuildFile; fileRef = 16A2FB462ABDB3B000C24B11 /* ContentView.swift */; };
		16A2FB492ABDB3B200C24B11 /* Assets.xcassets in Resources */ = {isa = PBXBuildFile; fileRef = 16A2FB482ABDB3B200C24B11 /* Assets.xcassets */; };
		16A2FB4C2ABDB3B200C24B11 /* Preview Assets.xcassets in Resources */ = {isa = PBXBuildFile; fileRef = 16A2FB4B2ABDB3B200C24B11 /* Preview Assets.xcassets */; };
		16A2FB562ABDB40A00C24B11 /* AllSubscriptions.swift in Sources */ = {isa = PBXBuildFile; fileRef = 16A2FB552ABDB40A00C24B11 /* AllSubscriptions.swift */; };
		16A2FB582ABDBDEF00C24B11 /* AddSubscription.swift in Sources */ = {isa = PBXBuildFile; fileRef = 16A2FB572ABDBDEF00C24B11 /* AddSubscription.swift */; };
/* End PBXBuildFile section */

/* Begin PBXFileReference section */
		160EE4142ACEED4B005DB61C /* NotificationHandler.swift */ = {isa = PBXFileReference; lastKnownFileType = sourcecode.swift; path = NotificationHandler.swift; sourceTree = "<group>"; };
		1651AB832AC1B1E80074E940 /* AddSubscriptionSegmentedControl.swift */ = {isa = PBXFileReference; lastKnownFileType = sourcecode.swift; path = AddSubscriptionSegmentedControl.swift; sourceTree = "<group>"; };
		1651AB872AC1B6DB0074E940 /* Templates.swift */ = {isa = PBXFileReference; lastKnownFileType = sourcecode.swift; path = Templates.swift; sourceTree = "<group>"; };
		1651AB892AC1B6F30074E940 /* TemplatesViewModel.swift */ = {isa = PBXFileReference; lastKnownFileType = sourcecode.swift; path = TemplatesViewModel.swift; sourceTree = "<group>"; };
		1651AB8B2AC1BB4C0074E940 /* PopularTemplates.swift */ = {isa = PBXFileReference; lastKnownFileType = sourcecode.swift; path = PopularTemplates.swift; sourceTree = "<group>"; };
		1651AB8D2AC1BB570074E940 /* AllTemplates.swift */ = {isa = PBXFileReference; lastKnownFileType = sourcecode.swift; path = AllTemplates.swift; sourceTree = "<group>"; };
		1651AB8F2AC1BD170074E940 /* RealmManager.swift */ = {isa = PBXFileReference; lastKnownFileType = sourcecode.swift; path = RealmManager.swift; sourceTree = "<group>"; };
		1651AB962AC1BDB90074E940 /* Subscription.swift */ = {isa = PBXFileReference; lastKnownFileType = sourcecode.swift; path = Subscription.swift; sourceTree = "<group>"; };
		1651AB992AC1BDE40074E940 /* Color + Ext.swift */ = {isa = PBXFileReference; lastKnownFileType = sourcecode.swift; path = "Color + Ext.swift"; sourceTree = "<group>"; };
		1651AB9C2AC1C3E40074E940 /* NewSubscription.swift */ = {isa = PBXFileReference; lastKnownFileType = sourcecode.swift; path = NewSubscription.swift; sourceTree = "<group>"; };
		1651AB9E2AC1D4CB0074E940 /* CyclePicker.swift */ = {isa = PBXFileReference; lastKnownFileType = sourcecode.swift; path = CyclePicker.swift; sourceTree = "<group>"; };
		1651ABA02AC1D4DB0074E940 /* DurationPicker.swift */ = {isa = PBXFileReference; lastKnownFileType = sourcecode.swift; path = DurationPicker.swift; sourceTree = "<group>"; };
		1651ABA22AC1D4E70074E940 /* RemindMePicker.swift */ = {isa = PBXFileReference; lastKnownFileType = sourcecode.swift; path = RemindMePicker.swift; sourceTree = "<group>"; };
		1651ABA62AC1D5360074E940 /* Subscriptions.swift */ = {isa = PBXFileReference; lastKnownFileType = sourcecode.swift; path = Subscriptions.swift; sourceTree = "<group>"; };
		1651ABA82AC1D57B0074E940 /* PickersViewModel.swift */ = {isa = PBXFileReference; lastKnownFileType = sourcecode.swift; path = PickersViewModel.swift; sourceTree = "<group>"; };
		16A2FB412ABDB3B000C24B11 /* BobbyFinal.app */ = {isa = PBXFileReference; explicitFileType = wrapper.application; includeInIndex = 0; path = BobbyFinal.app; sourceTree = BUILT_PRODUCTS_DIR; };
		16A2FB442ABDB3B000C24B11 /* BobbyFinalApp.swift */ = {isa = PBXFileReference; lastKnownFileType = sourcecode.swift; path = BobbyFinalApp.swift; sourceTree = "<group>"; };
		16A2FB462ABDB3B000C24B11 /* ContentView.swift */ = {isa = PBXFileReference; lastKnownFileType = sourcecode.swift; path = ContentView.swift; sourceTree = "<group>"; };
		16A2FB482ABDB3B200C24B11 /* Assets.xcassets */ = {isa = PBXFileReference; lastKnownFileType = folder.assetcatalog; path = Assets.xcassets; sourceTree = "<group>"; };
		16A2FB4B2ABDB3B200C24B11 /* Preview Assets.xcassets */ = {isa = PBXFileReference; lastKnownFileType = folder.assetcatalog; path = "Preview Assets.xcassets"; sourceTree = "<group>"; };
		16A2FB552ABDB40A00C24B11 /* AllSubscriptions.swift */ = {isa = PBXFileReference; lastKnownFileType = sourcecode.swift; path = AllSubscriptions.swift; sourceTree = "<group>"; };
		16A2FB572ABDBDEF00C24B11 /* AddSubscription.swift */ = {isa = PBXFileReference; lastKnownFileType = sourcecode.swift; path = AddSubscription.swift; sourceTree = "<group>"; };
/* End PBXFileReference section */

/* Begin PBXFrameworksBuildPhase section */
		16A2FB3E2ABDB3B000C24B11 /* Frameworks */ = {
			isa = PBXFrameworksBuildPhase;
			buildActionMask = 2147483647;
			files = (
				1651AB952AC1BD490074E940 /* RealmSwift in Frameworks */,
				1651AB932AC1BD490074E940 /* Realm in Frameworks */,
			);
			runOnlyForDeploymentPostprocessing = 0;
		};
/* End PBXFrameworksBuildPhase section */

/* Begin PBXGroup section */
		160EE4132ACEED3D005DB61C /* Handlers */ = {
			isa = PBXGroup;
			children = (
				160EE4142ACEED4B005DB61C /* NotificationHandler.swift */,
			);
			path = Handlers;
			sourceTree = "<group>";
		};
		1651AB822AC1B1B30074E940 /* Components */ = {
			isa = PBXGroup;
			children = (
				1651ABA42AC1D4EF0074E940 /* Pickers */,
				1651AB9B2AC1BE080074E940 /* SegmentedControl */,
				1651ABA52AC1D5280074E940 /* Subscritpions */,
			);
			path = Components;
			sourceTree = "<group>";
		};
		1651AB852AC1B6BB0074E940 /* Models */ = {
			isa = PBXGroup;
			children = (
				1651AB872AC1B6DB0074E940 /* Templates.swift */,
				1651AB962AC1BDB90074E940 /* Subscription.swift */,
			);
			path = Models;
			sourceTree = "<group>";
		};
		1651AB862AC1B6C40074E940 /* ViewModels */ = {
			isa = PBXGroup;
			children = (
				1651AB8F2AC1BD170074E940 /* RealmManager.swift */,
				1651AB892AC1B6F30074E940 /* TemplatesViewModel.swift */,
				1651ABA82AC1D57B0074E940 /* PickersViewModel.swift */,
			);
			path = ViewModels;
			sourceTree = "<group>";
		};
		1651AB982AC1BDC80074E940 /* Extentions */ = {
			isa = PBXGroup;
			children = (
				1651AB992AC1BDE40074E940 /* Color + Ext.swift */,
			);
			path = Extentions;
			sourceTree = "<group>";
		};
		1651AB9B2AC1BE080074E940 /* SegmentedControl */ = {
			isa = PBXGroup;
			children = (
				1651AB832AC1B1E80074E940 /* AddSubscriptionSegmentedControl.swift */,
				1651AB8B2AC1BB4C0074E940 /* PopularTemplates.swift */,
				1651AB8D2AC1BB570074E940 /* AllTemplates.swift */,
			);
			path = SegmentedControl;
			sourceTree = "<group>";
		};
		1651ABA42AC1D4EF0074E940 /* Pickers */ = {
			isa = PBXGroup;
			children = (
				1651AB9E2AC1D4CB0074E940 /* CyclePicker.swift */,
				1651ABA02AC1D4DB0074E940 /* DurationPicker.swift */,
				1651ABA22AC1D4E70074E940 /* RemindMePicker.swift */,
			);
			path = Pickers;
			sourceTree = "<group>";
		};
		1651ABA52AC1D5280074E940 /* Subscritpions */ = {
			isa = PBXGroup;
			children = (
				1651ABA62AC1D5360074E940 /* Subscriptions.swift */,
			);
			path = Subscritpions;
			sourceTree = "<group>";
		};
		16A2FB382ABDB3B000C24B11 = {
			isa = PBXGroup;
			children = (
				16A2FB432ABDB3B000C24B11 /* BobbyFinal */,
				16A2FB422ABDB3B000C24B11 /* Products */,
			);
			sourceTree = "<group>";
		};
		16A2FB422ABDB3B000C24B11 /* Products */ = {
			isa = PBXGroup;
			children = (
				16A2FB412ABDB3B000C24B11 /* BobbyFinal.app */,
			);
			name = Products;
			sourceTree = "<group>";
		};
		16A2FB432ABDB3B000C24B11 /* BobbyFinal */ = {
			isa = PBXGroup;
			children = (
				16A2FB442ABDB3B000C24B11 /* BobbyFinalApp.swift */,
				160EE4132ACEED3D005DB61C /* Handlers */,
				1651AB862AC1B6C40074E940 /* ViewModels */,
				1651AB852AC1B6BB0074E940 /* Models */,
				16A2FB522ABDB3DF00C24B11 /* Views */,
				1651AB822AC1B1B30074E940 /* Components */,
				1651AB982AC1BDC80074E940 /* Extentions */,
				16A2FB482ABDB3B200C24B11 /* Assets.xcassets */,
				16A2FB4A2ABDB3B200C24B11 /* Preview Content */,
			);
			path = BobbyFinal;
			sourceTree = "<group>";
		};
		16A2FB4A2ABDB3B200C24B11 /* Preview Content */ = {
			isa = PBXGroup;
			children = (
				16A2FB4B2ABDB3B200C24B11 /* Preview Assets.xcassets */,
			);
			path = "Preview Content";
			sourceTree = "<group>";
		};
		16A2FB522ABDB3DF00C24B11 /* Views */ = {
			isa = PBXGroup;
			children = (
				16A2FB462ABDB3B000C24B11 /* ContentView.swift */,
				16A2FB552ABDB40A00C24B11 /* AllSubscriptions.swift */,
				16A2FB572ABDBDEF00C24B11 /* AddSubscription.swift */,
				1651AB9C2AC1C3E40074E940 /* NewSubscription.swift */,
			);
			path = Views;
			sourceTree = "<group>";
		};
/* End PBXGroup section */

/* Begin PBXNativeTarget section */
		16A2FB402ABDB3B000C24B11 /* BobbyFinal */ = {
			isa = PBXNativeTarget;
			buildConfigurationList = 16A2FB4F2ABDB3B200C24B11 /* Build configuration list for PBXNativeTarget "BobbyFinal" */;
			buildPhases = (
				16A2FB3D2ABDB3B000C24B11 /* Sources */,
				16A2FB3E2ABDB3B000C24B11 /* Frameworks */,
				16A2FB3F2ABDB3B000C24B11 /* Resources */,
			);
			buildRules = (
			);
			dependencies = (
			);
			name = BobbyFinal;
			packageProductDependencies = (
				1651AB922AC1BD490074E940 /* Realm */,
				1651AB942AC1BD490074E940 /* RealmSwift */,
			);
			productName = BobbyFinal;
			productReference = 16A2FB412ABDB3B000C24B11 /* BobbyFinal.app */;
			productType = "com.apple.product-type.application";
		};
/* End PBXNativeTarget section */

/* Begin PBXProject section */
		16A2FB392ABDB3B000C24B11 /* Project object */ = {
			isa = PBXProject;
			attributes = {
				BuildIndependentTargetsInParallel = 1;
				LastSwiftUpdateCheck = 1500;
				LastUpgradeCheck = 1500;
				TargetAttributes = {
					16A2FB402ABDB3B000C24B11 = {
						CreatedOnToolsVersion = 15.0;
					};
				};
			};
			buildConfigurationList = 16A2FB3C2ABDB3B000C24B11 /* Build configuration list for PBXProject "BobbyFinal" */;
			compatibilityVersion = "Xcode 14.0";
			developmentRegion = en;
			hasScannedForEncodings = 0;
			knownRegions = (
				en,
				Base,
			);
			mainGroup = 16A2FB382ABDB3B000C24B11;
			packageReferences = (
				1651AB912AC1BD490074E940 /* XCRemoteSwiftPackageReference "realm-swift" */,
			);
			productRefGroup = 16A2FB422ABDB3B000C24B11 /* Products */;
			projectDirPath = "";
			projectRoot = "";
			targets = (
				16A2FB402ABDB3B000C24B11 /* BobbyFinal */,
			);
		};
/* End PBXProject section */

/* Begin PBXResourcesBuildPhase section */
		16A2FB3F2ABDB3B000C24B11 /* Resources */ = {
			isa = PBXResourcesBuildPhase;
			buildActionMask = 2147483647;
			files = (
				16A2FB4C2ABDB3B200C24B11 /* Preview Assets.xcassets in Resources */,
				16A2FB492ABDB3B200C24B11 /* Assets.xcassets in Resources */,
			);
			runOnlyForDeploymentPostprocessing = 0;
		};
/* End PBXResourcesBuildPhase section */

/* Begin PBXSourcesBuildPhase section */
		16A2FB3D2ABDB3B000C24B11 /* Sources */ = {
			isa = PBXSourcesBuildPhase;
			buildActionMask = 2147483647;
			files = (
				1651AB8A2AC1B6F30074E940 /* TemplatesViewModel.swift in Sources */,
				16A2FB472ABDB3B000C24B11 /* ContentView.swift in Sources */,
				1651AB9F2AC1D4CB0074E940 /* CyclePicker.swift in Sources */,
				1651ABA72AC1D5360074E940 /* Subscriptions.swift in Sources */,
				1651AB8E2AC1BB570074E940 /* AllTemplates.swift in Sources */,
				16A2FB562ABDB40A00C24B11 /* AllSubscriptions.swift in Sources */,
				1651AB9D2AC1C3E40074E940 /* NewSubscription.swift in Sources */,
				1651AB972AC1BDB90074E940 /* Subscription.swift in Sources */,
				1651AB8C2AC1BB4C0074E940 /* PopularTemplates.swift in Sources */,
				16A2FB582ABDBDEF00C24B11 /* AddSubscription.swift in Sources */,
				1651ABA92AC1D57B0074E940 /* PickersViewModel.swift in Sources */,
				1651AB842AC1B1E80074E940 /* AddSubscriptionSegmentedControl.swift in Sources */,
				1651AB902AC1BD170074E940 /* RealmManager.swift in Sources */,
				16A2FB452ABDB3B000C24B11 /* BobbyFinalApp.swift in Sources */,
				1651ABA12AC1D4DB0074E940 /* DurationPicker.swift in Sources */,
				1651AB882AC1B6DB0074E940 /* Templates.swift in Sources */,
				1651ABA32AC1D4E70074E940 /* RemindMePicker.swift in Sources */,
				160EE4152ACEED4B005DB61C /* NotificationHandler.swift in Sources */,
				1651AB9A2AC1BDE40074E940 /* Color + Ext.swift in Sources */,
			);
			runOnlyForDeploymentPostprocessing = 0;
		};
/* End PBXSourcesBuildPhase section */

/* Begin XCBuildConfiguration section */
		16A2FB4D2ABDB3B200C24B11 /* Debug */ = {
			isa = XCBuildConfiguration;
			buildSettings = {
				ALWAYS_SEARCH_USER_PATHS = NO;
				ASSETCATALOG_COMPILER_GENERATE_SWIFT_ASSET_SYMBOL_EXTENSIONS = YES;
				CLANG_ANALYZER_NONNULL = YES;
				CLANG_ANALYZER_NUMBER_OBJECT_CONVERSION = YES_AGGRESSIVE;
				CLANG_CXX_LANGUAGE_STANDARD = "gnu++20";
				CLANG_ENABLE_MODULES = YES;
				CLANG_ENABLE_OBJC_ARC = YES;
				CLANG_ENABLE_OBJC_WEAK = YES;
				CLANG_WARN_BLOCK_CAPTURE_AUTORELEASING = YES;
				CLANG_WARN_BOOL_CONVERSION = YES;
				CLANG_WARN_COMMA = YES;
				CLANG_WARN_CONSTANT_CONVERSION = YES;
				CLANG_WARN_DEPRECATED_OBJC_IMPLEMENTATIONS = YES;
				CLANG_WARN_DIRECT_OBJC_ISA_USAGE = YES_ERROR;
				CLANG_WARN_DOCUMENTATION_COMMENTS = YES;
				CLANG_WARN_EMPTY_BODY = YES;
				CLANG_WARN_ENUM_CONVERSION = YES;
				CLANG_WARN_INFINITE_RECURSION = YES;
				CLANG_WARN_INT_CONVERSION = YES;
				CLANG_WARN_NON_LITERAL_NULL_CONVERSION = YES;
				CLANG_WARN_OBJC_IMPLICIT_RETAIN_SELF = YES;
				CLANG_WARN_OBJC_LITERAL_CONVERSION = YES;
				CLANG_WARN_OBJC_ROOT_CLASS = YES_ERROR;
				CLANG_WARN_QUOTED_INCLUDE_IN_FRAMEWORK_HEADER = YES;
				CLANG_WARN_RANGE_LOOP_ANALYSIS = YES;
				CLANG_WARN_STRICT_PROTOTYPES = YES;
				CLANG_WARN_SUSPICIOUS_MOVE = YES;
				CLANG_WARN_UNGUARDED_AVAILABILITY = YES_AGGRESSIVE;
				CLANG_WARN_UNREACHABLE_CODE = YES;
				CLANG_WARN__DUPLICATE_METHOD_MATCH = YES;
				COPY_PHASE_STRIP = NO;
				DEBUG_INFORMATION_FORMAT = dwarf;
				ENABLE_STRICT_OBJC_MSGSEND = YES;
				ENABLE_TESTABILITY = YES;
				ENABLE_USER_SCRIPT_SANDBOXING = YES;
				GCC_C_LANGUAGE_STANDARD = gnu17;
				GCC_DYNAMIC_NO_PIC = NO;
				GCC_NO_COMMON_BLOCKS = YES;
				GCC_OPTIMIZATION_LEVEL = 0;
				GCC_PREPROCESSOR_DEFINITIONS = (
					"DEBUG=1",
					"$(inherited)",
				);
				GCC_WARN_64_TO_32_BIT_CONVERSION = YES;
				GCC_WARN_ABOUT_RETURN_TYPE = YES_ERROR;
				GCC_WARN_UNDECLARED_SELECTOR = YES;
				GCC_WARN_UNINITIALIZED_AUTOS = YES_AGGRESSIVE;
				GCC_WARN_UNUSED_FUNCTION = YES;
				GCC_WARN_UNUSED_VARIABLE = YES;
				IPHONEOS_DEPLOYMENT_TARGET = 17.0;
				LOCALIZATION_PREFERS_STRING_CATALOGS = YES;
				MTL_ENABLE_DEBUG_INFO = INCLUDE_SOURCE;
				MTL_FAST_MATH = YES;
				ONLY_ACTIVE_ARCH = YES;
				SDKROOT = iphoneos;
				SWIFT_ACTIVE_COMPILATION_CONDITIONS = "DEBUG $(inherited)";
				SWIFT_OPTIMIZATION_LEVEL = "-Onone";
			};
			name = Debug;
		};
		16A2FB4E2ABDB3B200C24B11 /* Release */ = {
			isa = XCBuildConfiguration;
			buildSettings = {
				ALWAYS_SEARCH_USER_PATHS = NO;
				ASSETCATALOG_COMPILER_GENERATE_SWIFT_ASSET_SYMBOL_EXTENSIONS = YES;
				CLANG_ANALYZER_NONNULL = YES;
				CLANG_ANALYZER_NUMBER_OBJECT_CONVERSION = YES_AGGRESSIVE;
				CLANG_CXX_LANGUAGE_STANDARD = "gnu++20";
				CLANG_ENABLE_MODULES = YES;
				CLANG_ENABLE_OBJC_ARC = YES;
				CLANG_ENABLE_OBJC_WEAK = YES;
				CLANG_WARN_BLOCK_CAPTURE_AUTORELEASING = YES;
				CLANG_WARN_BOOL_CONVERSION = YES;
				CLANG_WARN_COMMA = YES;
				CLANG_WARN_CONSTANT_CONVERSION = YES;
				CLANG_WARN_DEPRECATED_OBJC_IMPLEMENTATIONS = YES;
				CLANG_WARN_DIRECT_OBJC_ISA_USAGE = YES_ERROR;
				CLANG_WARN_DOCUMENTATION_COMMENTS = YES;
				CLANG_WARN_EMPTY_BODY = YES;
				CLANG_WARN_ENUM_CONVERSION = YES;
				CLANG_WARN_INFINITE_RECURSION = YES;
				CLANG_WARN_INT_CONVERSION = YES;
				CLANG_WARN_NON_LITERAL_NULL_CONVERSION = YES;
				CLANG_WARN_OBJC_IMPLICIT_RETAIN_SELF = YES;
				CLANG_WARN_OBJC_LITERAL_CONVERSION = YES;
				CLANG_WARN_OBJC_ROOT_CLASS = YES_ERROR;
				CLANG_WARN_QUOTED_INCLUDE_IN_FRAMEWORK_HEADER = YES;
				CLANG_WARN_RANGE_LOOP_ANALYSIS = YES;
				CLANG_WARN_STRICT_PROTOTYPES = YES;
				CLANG_WARN_SUSPICIOUS_MOVE = YES;
				CLANG_WARN_UNGUARDED_AVAILABILITY = YES_AGGRESSIVE;
				CLANG_WARN_UNREACHABLE_CODE = YES;
				CLANG_WARN__DUPLICATE_METHOD_MATCH = YES;
				COPY_PHASE_STRIP = NO;
				DEBUG_INFORMATION_FORMAT = "dwarf-with-dsym";
				ENABLE_NS_ASSERTIONS = NO;
				ENABLE_STRICT_OBJC_MSGSEND = YES;
				ENABLE_USER_SCRIPT_SANDBOXING = YES;
				GCC_C_LANGUAGE_STANDARD = gnu17;
				GCC_NO_COMMON_BLOCKS = YES;
				GCC_WARN_64_TO_32_BIT_CONVERSION = YES;
				GCC_WARN_ABOUT_RETURN_TYPE = YES_ERROR;
				GCC_WARN_UNDECLARED_SELECTOR = YES;
				GCC_WARN_UNINITIALIZED_AUTOS = YES_AGGRESSIVE;
				GCC_WARN_UNUSED_FUNCTION = YES;
				GCC_WARN_UNUSED_VARIABLE = YES;
				IPHONEOS_DEPLOYMENT_TARGET = 17.0;
				LOCALIZATION_PREFERS_STRING_CATALOGS = YES;
				MTL_ENABLE_DEBUG_INFO = NO;
				MTL_FAST_MATH = YES;
				SDKROOT = iphoneos;
				SWIFT_COMPILATION_MODE = wholemodule;
				VALIDATE_PRODUCT = YES;
			};
			name = Release;
		};
		16A2FB502ABDB3B200C24B11 /* Debug */ = {
			isa = XCBuildConfiguration;
			buildSettings = {
				ASSETCATALOG_COMPILER_APPICON_NAME = AppIcon;
				ASSETCATALOG_COMPILER_GLOBAL_ACCENT_COLOR_NAME = AccentColor;
				CODE_SIGN_STYLE = Automatic;
				CURRENT_PROJECT_VERSION = 1;
				DEVELOPMENT_ASSET_PATHS = "\"BobbyFinal/Preview Content\"";
				DEVELOPMENT_TEAM = KLU4RK8QNS;
				ENABLE_PREVIEWS = YES;
				GENERATE_INFOPLIST_FILE = YES;
				INFOPLIST_KEY_UIApplicationSceneManifest_Generation = YES;
				INFOPLIST_KEY_UIApplicationSupportsIndirectInputEvents = YES;
				INFOPLIST_KEY_UILaunchScreen_Generation = YES;
				INFOPLIST_KEY_UISupportedInterfaceOrientations_iPad = "UIInterfaceOrientationPortrait UIInterfaceOrientationPortraitUpsideDown UIInterfaceOrientationLandscapeLeft UIInterfaceOrientationLandscapeRight";
				INFOPLIST_KEY_UISupportedInterfaceOrientations_iPhone = "UIInterfaceOrientationPortrait UIInterfaceOrientationLandscapeLeft UIInterfaceOrientationLandscapeRight";
				IPHONEOS_DEPLOYMENT_TARGET = 16.0;
				LD_RUNPATH_SEARCH_PATHS = (
					"$(inherited)",
					"@executable_path/Frameworks",
				);
				MARKETING_VERSION = 1.0;
				PRODUCT_BUNDLE_IDENTIFIER = artemiithefrog.BobbyFinal;
				PRODUCT_NAME = "$(TARGET_NAME)";
				SWIFT_EMIT_LOC_STRINGS = YES;
				SWIFT_VERSION = 5.0;
				TARGETED_DEVICE_FAMILY = "1,2";
			};
			name = Debug;
		};
		16A2FB512ABDB3B200C24B11 /* Release */ = {
			isa = XCBuildConfiguration;
			buildSettings = {
				ASSETCATALOG_COMPILER_APPICON_NAME = AppIcon;
				ASSETCATALOG_COMPILER_GLOBAL_ACCENT_COLOR_NAME = AccentColor;
				CODE_SIGN_STYLE = Automatic;
				CURRENT_PROJECT_VERSION = 1;
				DEVELOPMENT_ASSET_PATHS = "\"BobbyFinal/Preview Content\"";
				DEVELOPMENT_TEAM = KLU4RK8QNS;
				ENABLE_PREVIEWS = YES;
				GENERATE_INFOPLIST_FILE = YES;
				INFOPLIST_KEY_UIApplicationSceneManifest_Generation = YES;
				INFOPLIST_KEY_UIApplicationSupportsIndirectInputEvents = YES;
				INFOPLIST_KEY_UILaunchScreen_Generation = YES;
				INFOPLIST_KEY_UISupportedInterfaceOrientations_iPad = "UIInterfaceOrientationPortrait UIInterfaceOrientationPortraitUpsideDown UIInterfaceOrientationLandscapeLeft UIInterfaceOrientationLandscapeRight";
				INFOPLIST_KEY_UISupportedInterfaceOrientations_iPhone = "UIInterfaceOrientationPortrait UIInterfaceOrientationLandscapeLeft UIInterfaceOrientationLandscapeRight";
				IPHONEOS_DEPLOYMENT_TARGET = 16.0;
				LD_RUNPATH_SEARCH_PATHS = (
					"$(inherited)",
					"@executable_path/Frameworks",
				);
				MARKETING_VERSION = 1.0;
				PRODUCT_BUNDLE_IDENTIFIER = artemiithefrog.BobbyFinal;
				PRODUCT_NAME = "$(TARGET_NAME)";
				SWIFT_EMIT_LOC_STRINGS = YES;
				SWIFT_VERSION = 5.0;
				TARGETED_DEVICE_FAMILY = "1,2";
			};
			name = Release;
		};
/* End XCBuildConfiguration section */

/* Begin XCConfigurationList section */
		16A2FB3C2ABDB3B000C24B11 /* Build configuration list for PBXProject "BobbyFinal" */ = {
			isa = XCConfigurationList;
			buildConfigurations = (
				16A2FB4D2ABDB3B200C24B11 /* Debug */,
				16A2FB4E2ABDB3B200C24B11 /* Release */,
			);
			defaultConfigurationIsVisible = 0;
			defaultConfigurationName = Release;
		};
		16A2FB4F2ABDB3B200C24B11 /* Build configuration list for PBXNativeTarget "BobbyFinal" */ = {
			isa = XCConfigurationList;
			buildConfigurations = (
				16A2FB502ABDB3B200C24B11 /* Debug */,
				16A2FB512ABDB3B200C24B11 /* Release */,
			);
			defaultConfigurationIsVisible = 0;
			defaultConfigurationName = Release;
		};
/* End XCConfigurationList section */

/* Begin XCRemoteSwiftPackageReference section */
		1651AB912AC1BD490074E940 /* XCRemoteSwiftPackageReference "realm-swift" */ = {
			isa = XCRemoteSwiftPackageReference;
			repositoryURL = "https://github.com/realm/realm-swift";
			requirement = {
				branch = master;
				kind = branch;
			};
		};
/* End XCRemoteSwiftPackageReference section */

/* Begin XCSwiftPackageProductDependency section */
		1651AB922AC1BD490074E940 /* Realm */ = {
			isa = XCSwiftPackageProductDependency;
			package = 1651AB912AC1BD490074E940 /* XCRemoteSwiftPackageReference "realm-swift" */;
			productName = Realm;
		};
		1651AB942AC1BD490074E940 /* RealmSwift */ = {
			isa = XCSwiftPackageProductDependency;
			package = 1651AB912AC1BD490074E940 /* XCRemoteSwiftPackageReference "realm-swift" */;
			productName = RealmSwift;
		};
/* End XCSwiftPackageProductDependency section */
	};
	rootObject = 16A2FB392ABDB3B000C24B11 /* Project object */;
}
